
Microsoft Visual Studio Solution File, Format Version 12.00
# Visual Studio Version 17
VisualStudioVersion = 17.11.35303.130
MinimumVisualStudioVersion = 10.0.40219.1
Project("{FAE04EC0-301F-11D3-BF4B-00C04F79EFBC}") = "ImageGeneratorDalle", "ImageGeneratorDalle\ImageGeneratorDalle.csproj", "{216A1F21-F9DC-4613-915B-DD3AA0090ECF}"
EndProject
Global
	GlobalSection(SolutionConfigurationPlatforms) = preSolution
		Debug|Any CPU = Debug|Any CPU
		Release|Any CPU = Release|Any CPU
	EndGlobalSection
	GlobalSection(ProjectConfigurationPlatforms) = postSolution
		{216A1F21-F9DC-4613-915B-DD3AA0090ECF}.Debug|Any CPU.ActiveCfg = Debug|Any CPU
		{216A1F21-F9DC-4613-915B-DD3AA0090ECF}.Debug|Any CPU.Build.0 = Debug|Any CPU
		{216A1F21-F9DC-4613-915B-DD3AA0090ECF}.Release|Any CPU.ActiveCfg = Release|Any CPU
		{216A1F21-F9DC-4613-915B-DD3AA0090ECF}.Release|Any CPU.Build.0 = Release|Any CPU
	EndGlobalSection
	GlobalSection(SolutionProperties) = preSolution
		HideSolutionNode = FALSE
	EndGlobalSection
	GlobalSection(ExtensibilityGlobals) = postSolution
		SolutionGuid = {293BCBC8-55D7-417B-B9AC-3A5DEDA5E7E4}
	EndGlobalSection
EndGlobal
